// !$*UTF8*$!
{
	archiveVersion = 1;
	classes = {
	};
	objectVersion = 51;
	objects = {

/* Begin PBXBuildFile section */
		D05FB4F53427B77E5DB31D22 /* Pods_OddJobz.framework in Frameworks */ = {isa = PBXBuildFile; fileRef = 56D8425548FD980CAED93C29 /* Pods_OddJobz.framework */; };
		D949AEB47F8455FFA481548D /* Pods_OddJobzTests.framework in Frameworks */ = {isa = PBXBuildFile; fileRef = 9687F71D2306D49697EFC729 /* Pods_OddJobzTests.framework */; };
		E574734331BB0EC2D25BE576 /* Pods_OddJobz_OddJobzUITests.framework in Frameworks */ = {isa = PBXBuildFile; fileRef = 449BB603E87591BF9FE36077 /* Pods_OddJobz_OddJobzUITests.framework */; };
		EC13CD9E269F83A5003EA20F /* DetailsViewController.m in Sources */ = {isa = PBXBuildFile; fileRef = EC13CD9D269F83A5003EA20F /* DetailsViewController.m */; };
		EC536C2E269C9F3000DEF526 /* AppDelegate.m in Sources */ = {isa = PBXBuildFile; fileRef = EC536C2D269C9F3000DEF526 /* AppDelegate.m */; };
		EC536C31269C9F3000DEF526 /* SceneDelegate.m in Sources */ = {isa = PBXBuildFile; fileRef = EC536C30269C9F3000DEF526 /* SceneDelegate.m */; };
		EC536C37269C9F3000DEF526 /* Main.storyboard in Resources */ = {isa = PBXBuildFile; fileRef = EC536C35269C9F3000DEF526 /* Main.storyboard */; };
		EC536C39269C9F3100DEF526 /* Assets.xcassets in Resources */ = {isa = PBXBuildFile; fileRef = EC536C38269C9F3100DEF526 /* Assets.xcassets */; };
		EC536C3C269C9F3100DEF526 /* LaunchScreen.storyboard in Resources */ = {isa = PBXBuildFile; fileRef = EC536C3A269C9F3100DEF526 /* LaunchScreen.storyboard */; };
		EC536C3F269C9F3100DEF526 /* main.m in Sources */ = {isa = PBXBuildFile; fileRef = EC536C3E269C9F3100DEF526 /* main.m */; };
		EC536C49269C9F3100DEF526 /* OddJobzTests.m in Sources */ = {isa = PBXBuildFile; fileRef = EC536C48269C9F3100DEF526 /* OddJobzTests.m */; };
		EC536C54269C9F3100DEF526 /* OddJobzUITests.m in Sources */ = {isa = PBXBuildFile; fileRef = EC536C53269C9F3100DEF526 /* OddJobzUITests.m */; };
		EC6CF77626A1032200C3ACE5 /* MyListingsTableViewController.m in Sources */ = {isa = PBXBuildFile; fileRef = EC6CF77526A1032200C3ACE5 /* MyListingsTableViewController.m */; };
		EC6CF77926A20A8100C3ACE5 /* MyListingCell.m in Sources */ = {isa = PBXBuildFile; fileRef = EC6CF77826A20A8100C3ACE5 /* MyListingCell.m */; };
		ECB8073426A87C9D00C22E36 /* ApplicantCell.m in Sources */ = {isa = PBXBuildFile; fileRef = ECB8073326A87C9D00C22E36 /* ApplicantCell.m */; };
		ECB8073A26A87E4500C22E36 /* ApplicantsTableViewController.m in Sources */ = {isa = PBXBuildFile; fileRef = ECB8073926A87E4500C22E36 /* ApplicantsTableViewController.m */; };
		ECEBB4AF269DF46C00103BBF /* HomeTableViewController.m in Sources */ = {isa = PBXBuildFile; fileRef = ECEBB4AE269DF46C00103BBF /* HomeTableViewController.m */; };
		ECEBB4B2269DF9DE00103BBF /* LoginViewController.m in Sources */ = {isa = PBXBuildFile; fileRef = ECEBB4B1269DF9DE00103BBF /* LoginViewController.m */; };
		ECEBB4B5269E2F6400103BBF /* Listing.m in Sources */ = {isa = PBXBuildFile; fileRef = ECEBB4B4269E2F6400103BBF /* Listing.m */; };
		ECEBB4B8269E3BFF00103BBF /* ComposeViewController.m in Sources */ = {isa = PBXBuildFile; fileRef = ECEBB4B7269E3BFF00103BBF /* ComposeViewController.m */; };
		ECEBB4BC269E431400103BBF /* ListingCell.m in Sources */ = {isa = PBXBuildFile; fileRef = ECEBB4BB269E431400103BBF /* ListingCell.m */; };
/* End PBXBuildFile section */

/* Begin PBXContainerItemProxy section */
		EC536C45269C9F3100DEF526 /* PBXContainerItemProxy */ = {
			isa = PBXContainerItemProxy;
			containerPortal = EC536C21269C9F3000DEF526 /* Project object */;
			proxyType = 1;
			remoteGlobalIDString = EC536C28269C9F3000DEF526;
			remoteInfo = OddJobz;
		};
		EC536C50269C9F3100DEF526 /* PBXContainerItemProxy */ = {
			isa = PBXContainerItemProxy;
			containerPortal = EC536C21269C9F3000DEF526 /* Project object */;
			proxyType = 1;
			remoteGlobalIDString = EC536C28269C9F3000DEF526;
			remoteInfo = OddJobz;
		};
/* End PBXContainerItemProxy section */

/* Begin PBXFileReference section */
		1ED5AF8F0D0D68E23F311B70 /* Pods-OddJobzTests.debug.xcconfig */ = {isa = PBXFileReference; includeInIndex = 1; lastKnownFileType = text.xcconfig; name = "Pods-OddJobzTests.debug.xcconfig"; path = "Target Support Files/Pods-OddJobzTests/Pods-OddJobzTests.debug.xcconfig"; sourceTree = "<group>"; };
		372CE47D63CC29BFFE3A5AC9 /* Pods-OddJobz-OddJobzUITests.release.xcconfig */ = {isa = PBXFileReference; includeInIndex = 1; lastKnownFileType = text.xcconfig; name = "Pods-OddJobz-OddJobzUITests.release.xcconfig"; path = "Target Support Files/Pods-OddJobz-OddJobzUITests/Pods-OddJobz-OddJobzUITests.release.xcconfig"; sourceTree = "<group>"; };
		449BB603E87591BF9FE36077 /* Pods_OddJobz_OddJobzUITests.framework */ = {isa = PBXFileReference; explicitFileType = wrapper.framework; includeInIndex = 0; path = Pods_OddJobz_OddJobzUITests.framework; sourceTree = BUILT_PRODUCTS_DIR; };
		44B254198C9EB53207AB693F /* Pods-OddJobz.debug.xcconfig */ = {isa = PBXFileReference; includeInIndex = 1; lastKnownFileType = text.xcconfig; name = "Pods-OddJobz.debug.xcconfig"; path = "Target Support Files/Pods-OddJobz/Pods-OddJobz.debug.xcconfig"; sourceTree = "<group>"; };
		56D8425548FD980CAED93C29 /* Pods_OddJobz.framework */ = {isa = PBXFileReference; explicitFileType = wrapper.framework; includeInIndex = 0; path = Pods_OddJobz.framework; sourceTree = BUILT_PRODUCTS_DIR; };
		9687F71D2306D49697EFC729 /* Pods_OddJobzTests.framework */ = {isa = PBXFileReference; explicitFileType = wrapper.framework; includeInIndex = 0; path = Pods_OddJobzTests.framework; sourceTree = BUILT_PRODUCTS_DIR; };
		AF4C8CC6036C7839AE8317FB /* Pods-OddJobz.release.xcconfig */ = {isa = PBXFileReference; includeInIndex = 1; lastKnownFileType = text.xcconfig; name = "Pods-OddJobz.release.xcconfig"; path = "Target Support Files/Pods-OddJobz/Pods-OddJobz.release.xcconfig"; sourceTree = "<group>"; };
		BE2613994BFCED6B88FF35A5 /* Pods-OddJobzTests.release.xcconfig */ = {isa = PBXFileReference; includeInIndex = 1; lastKnownFileType = text.xcconfig; name = "Pods-OddJobzTests.release.xcconfig"; path = "Target Support Files/Pods-OddJobzTests/Pods-OddJobzTests.release.xcconfig"; sourceTree = "<group>"; };
		EA92A86A27F29FA4903A799C /* Pods-OddJobz-OddJobzUITests.debug.xcconfig */ = {isa = PBXFileReference; includeInIndex = 1; lastKnownFileType = text.xcconfig; name = "Pods-OddJobz-OddJobzUITests.debug.xcconfig"; path = "Target Support Files/Pods-OddJobz-OddJobzUITests/Pods-OddJobz-OddJobzUITests.debug.xcconfig"; sourceTree = "<group>"; };
		EC13CD9C269F83A5003EA20F /* DetailsViewController.h */ = {isa = PBXFileReference; lastKnownFileType = sourcecode.c.h; path = DetailsViewController.h; sourceTree = "<group>"; };
		EC13CD9D269F83A5003EA20F /* DetailsViewController.m */ = {isa = PBXFileReference; lastKnownFileType = sourcecode.c.objc; path = DetailsViewController.m; sourceTree = "<group>"; };
		EC536C29269C9F3000DEF526 /* OddJobz.app */ = {isa = PBXFileReference; explicitFileType = wrapper.application; includeInIndex = 0; path = OddJobz.app; sourceTree = BUILT_PRODUCTS_DIR; };
		EC536C2C269C9F3000DEF526 /* AppDelegate.h */ = {isa = PBXFileReference; lastKnownFileType = sourcecode.c.h; path = AppDelegate.h; sourceTree = "<group>"; };
		EC536C2D269C9F3000DEF526 /* AppDelegate.m */ = {isa = PBXFileReference; lastKnownFileType = sourcecode.c.objc; path = AppDelegate.m; sourceTree = "<group>"; };
		EC536C2F269C9F3000DEF526 /* SceneDelegate.h */ = {isa = PBXFileReference; lastKnownFileType = sourcecode.c.h; path = SceneDelegate.h; sourceTree = "<group>"; };
		EC536C30269C9F3000DEF526 /* SceneDelegate.m */ = {isa = PBXFileReference; lastKnownFileType = sourcecode.c.objc; path = SceneDelegate.m; sourceTree = "<group>"; };
		EC536C36269C9F3000DEF526 /* Base */ = {isa = PBXFileReference; lastKnownFileType = file.storyboard; name = Base; path = Base.lproj/Main.storyboard; sourceTree = "<group>"; };
		EC536C38269C9F3100DEF526 /* Assets.xcassets */ = {isa = PBXFileReference; lastKnownFileType = folder.assetcatalog; path = Assets.xcassets; sourceTree = "<group>"; };
		EC536C3B269C9F3100DEF526 /* Base */ = {isa = PBXFileReference; lastKnownFileType = file.storyboard; name = Base; path = Base.lproj/LaunchScreen.storyboard; sourceTree = "<group>"; };
		EC536C3D269C9F3100DEF526 /* Info.plist */ = {isa = PBXFileReference; lastKnownFileType = text.plist.xml; path = Info.plist; sourceTree = "<group>"; };
		EC536C3E269C9F3100DEF526 /* main.m */ = {isa = PBXFileReference; lastKnownFileType = sourcecode.c.objc; path = main.m; sourceTree = "<group>"; };
		EC536C44269C9F3100DEF526 /* OddJobzTests.xctest */ = {isa = PBXFileReference; explicitFileType = wrapper.cfbundle; includeInIndex = 0; path = OddJobzTests.xctest; sourceTree = BUILT_PRODUCTS_DIR; };
		EC536C48269C9F3100DEF526 /* OddJobzTests.m */ = {isa = PBXFileReference; lastKnownFileType = sourcecode.c.objc; path = OddJobzTests.m; sourceTree = "<group>"; };
		EC536C4A269C9F3100DEF526 /* Info.plist */ = {isa = PBXFileReference; lastKnownFileType = text.plist.xml; path = Info.plist; sourceTree = "<group>"; };
		EC536C4F269C9F3100DEF526 /* OddJobzUITests.xctest */ = {isa = PBXFileReference; explicitFileType = wrapper.cfbundle; includeInIndex = 0; path = OddJobzUITests.xctest; sourceTree = BUILT_PRODUCTS_DIR; };
		EC536C53269C9F3100DEF526 /* OddJobzUITests.m */ = {isa = PBXFileReference; lastKnownFileType = sourcecode.c.objc; path = OddJobzUITests.m; sourceTree = "<group>"; };
		EC536C55269C9F3100DEF526 /* Info.plist */ = {isa = PBXFileReference; lastKnownFileType = text.plist.xml; path = Info.plist; sourceTree = "<group>"; };
		EC6CF77426A1032200C3ACE5 /* MyListingsTableViewController.h */ = {isa = PBXFileReference; lastKnownFileType = sourcecode.c.h; path = MyListingsTableViewController.h; sourceTree = "<group>"; };
		EC6CF77526A1032200C3ACE5 /* MyListingsTableViewController.m */ = {isa = PBXFileReference; lastKnownFileType = sourcecode.c.objc; path = MyListingsTableViewController.m; sourceTree = "<group>"; };
		EC6CF77726A20A8100C3ACE5 /* MyListingCell.h */ = {isa = PBXFileReference; lastKnownFileType = sourcecode.c.h; path = MyListingCell.h; sourceTree = "<group>"; };
		EC6CF77826A20A8100C3ACE5 /* MyListingCell.m */ = {isa = PBXFileReference; lastKnownFileType = sourcecode.c.objc; path = MyListingCell.m; sourceTree = "<group>"; };
		ECB8073226A87C9D00C22E36 /* ApplicantCell.h */ = {isa = PBXFileReference; lastKnownFileType = sourcecode.c.h; path = ApplicantCell.h; sourceTree = "<group>"; };
		ECB8073326A87C9D00C22E36 /* ApplicantCell.m */ = {isa = PBXFileReference; lastKnownFileType = sourcecode.c.objc; path = ApplicantCell.m; sourceTree = "<group>"; };
		ECB8073826A87E4500C22E36 /* ApplicantsTableViewController.h */ = {isa = PBXFileReference; lastKnownFileType = sourcecode.c.h; path = ApplicantsTableViewController.h; sourceTree = "<group>"; };
		ECB8073926A87E4500C22E36 /* ApplicantsTableViewController.m */ = {isa = PBXFileReference; lastKnownFileType = sourcecode.c.objc; path = ApplicantsTableViewController.m; sourceTree = "<group>"; };
		ECEBB4AD269DF46C00103BBF /* HomeTableViewController.h */ = {isa = PBXFileReference; lastKnownFileType = sourcecode.c.h; path = HomeTableViewController.h; sourceTree = "<group>"; };
		ECEBB4AE269DF46C00103BBF /* HomeTableViewController.m */ = {isa = PBXFileReference; lastKnownFileType = sourcecode.c.objc; path = HomeTableViewController.m; sourceTree = "<group>"; };
		ECEBB4B0269DF9DE00103BBF /* LoginViewController.h */ = {isa = PBXFileReference; lastKnownFileType = sourcecode.c.h; path = LoginViewController.h; sourceTree = "<group>"; };
		ECEBB4B1269DF9DE00103BBF /* LoginViewController.m */ = {isa = PBXFileReference; lastKnownFileType = sourcecode.c.objc; path = LoginViewController.m; sourceTree = "<group>"; };
		ECEBB4B3269E2F6400103BBF /* Listing.h */ = {isa = PBXFileReference; lastKnownFileType = sourcecode.c.h; path = Listing.h; sourceTree = "<group>"; };
		ECEBB4B4269E2F6400103BBF /* Listing.m */ = {isa = PBXFileReference; lastKnownFileType = sourcecode.c.objc; path = Listing.m; sourceTree = "<group>"; };
		ECEBB4B6269E3BFF00103BBF /* ComposeViewController.h */ = {isa = PBXFileReference; lastKnownFileType = sourcecode.c.h; path = ComposeViewController.h; sourceTree = "<group>"; };
		ECEBB4B7269E3BFF00103BBF /* ComposeViewController.m */ = {isa = PBXFileReference; lastKnownFileType = sourcecode.c.objc; path = ComposeViewController.m; sourceTree = "<group>"; };
		ECEBB4BA269E431400103BBF /* ListingCell.h */ = {isa = PBXFileReference; lastKnownFileType = sourcecode.c.h; path = ListingCell.h; sourceTree = "<group>"; };
		ECEBB4BB269E431400103BBF /* ListingCell.m */ = {isa = PBXFileReference; lastKnownFileType = sourcecode.c.objc; path = ListingCell.m; sourceTree = "<group>"; };
/* End PBXFileReference section */

/* Begin PBXFrameworksBuildPhase section */
		EC536C26269C9F3000DEF526 /* Frameworks */ = {
			isa = PBXFrameworksBuildPhase;
			buildActionMask = 2147483647;
			files = (
				D05FB4F53427B77E5DB31D22 /* Pods_OddJobz.framework in Frameworks */,
			);
			runOnlyForDeploymentPostprocessing = 0;
		};
		EC536C41269C9F3100DEF526 /* Frameworks */ = {
			isa = PBXFrameworksBuildPhase;
			buildActionMask = 2147483647;
			files = (
				D949AEB47F8455FFA481548D /* Pods_OddJobzTests.framework in Frameworks */,
			);
			runOnlyForDeploymentPostprocessing = 0;
		};
		EC536C4C269C9F3100DEF526 /* Frameworks */ = {
			isa = PBXFrameworksBuildPhase;
			buildActionMask = 2147483647;
			files = (
				E574734331BB0EC2D25BE576 /* Pods_OddJobz_OddJobzUITests.framework in Frameworks */,
			);
			runOnlyForDeploymentPostprocessing = 0;
		};
/* End PBXFrameworksBuildPhase section */

/* Begin PBXGroup section */
		368CAA620D748CC4992D7C74 /* Frameworks */ = {
			isa = PBXGroup;
			children = (
				56D8425548FD980CAED93C29 /* Pods_OddJobz.framework */,
				449BB603E87591BF9FE36077 /* Pods_OddJobz_OddJobzUITests.framework */,
				9687F71D2306D49697EFC729 /* Pods_OddJobzTests.framework */,
			);
			name = Frameworks;
			sourceTree = "<group>";
		};
		C6383C5000359E5791E1CFA9 /* Pods */ = {
			isa = PBXGroup;
			children = (
				44B254198C9EB53207AB693F /* Pods-OddJobz.debug.xcconfig */,
				AF4C8CC6036C7839AE8317FB /* Pods-OddJobz.release.xcconfig */,
				EA92A86A27F29FA4903A799C /* Pods-OddJobz-OddJobzUITests.debug.xcconfig */,
				372CE47D63CC29BFFE3A5AC9 /* Pods-OddJobz-OddJobzUITests.release.xcconfig */,
				1ED5AF8F0D0D68E23F311B70 /* Pods-OddJobzTests.debug.xcconfig */,
				BE2613994BFCED6B88FF35A5 /* Pods-OddJobzTests.release.xcconfig */,
			);
			path = Pods;
			sourceTree = "<group>";
		};
		EC536C20269C9F3000DEF526 = {
			isa = PBXGroup;
			children = (
				EC536C2B269C9F3000DEF526 /* OddJobz */,
				EC536C47269C9F3100DEF526 /* OddJobzTests */,
				EC536C52269C9F3100DEF526 /* OddJobzUITests */,
				EC536C2A269C9F3000DEF526 /* Products */,
				C6383C5000359E5791E1CFA9 /* Pods */,
				368CAA620D748CC4992D7C74 /* Frameworks */,
			);
			sourceTree = "<group>";
		};
		EC536C2A269C9F3000DEF526 /* Products */ = {
			isa = PBXGroup;
			children = (
				EC536C29269C9F3000DEF526 /* OddJobz.app */,
				EC536C44269C9F3100DEF526 /* OddJobzTests.xctest */,
				EC536C4F269C9F3100DEF526 /* OddJobzUITests.xctest */,
			);
			name = Products;
			sourceTree = "<group>";
		};
		EC536C2B269C9F3000DEF526 /* OddJobz */ = {
			isa = PBXGroup;
			children = (
				ECEBB4B9269E40D600103BBF /* Views */,
				ECEBB4AC269DF43900103BBF /* View Controllers */,
				EC536C2C269C9F3000DEF526 /* AppDelegate.h */,
				EC536C2D269C9F3000DEF526 /* AppDelegate.m */,
				EC536C2F269C9F3000DEF526 /* SceneDelegate.h */,
				EC536C30269C9F3000DEF526 /* SceneDelegate.m */,
				EC536C35269C9F3000DEF526 /* Main.storyboard */,
				EC536C38269C9F3100DEF526 /* Assets.xcassets */,
				EC536C3A269C9F3100DEF526 /* LaunchScreen.storyboard */,
				EC536C3D269C9F3100DEF526 /* Info.plist */,
				EC536C3E269C9F3100DEF526 /* main.m */,
				ECEBB4B3269E2F6400103BBF /* Listing.h */,
				ECEBB4B4269E2F6400103BBF /* Listing.m */,
			);
			path = OddJobz;
			sourceTree = "<group>";
		};
		EC536C47269C9F3100DEF526 /* OddJobzTests */ = {
			isa = PBXGroup;
			children = (
				EC536C48269C9F3100DEF526 /* OddJobzTests.m */,
				EC536C4A269C9F3100DEF526 /* Info.plist */,
			);
			path = OddJobzTests;
			sourceTree = "<group>";
		};
		EC536C52269C9F3100DEF526 /* OddJobzUITests */ = {
			isa = PBXGroup;
			children = (
				EC536C53269C9F3100DEF526 /* OddJobzUITests.m */,
				EC536C55269C9F3100DEF526 /* Info.plist */,
			);
			path = OddJobzUITests;
			sourceTree = "<group>";
		};
		ECEBB4AC269DF43900103BBF /* View Controllers */ = {
			isa = PBXGroup;
			children = (
				ECEBB4AD269DF46C00103BBF /* HomeTableViewController.h */,
				ECEBB4AE269DF46C00103BBF /* HomeTableViewController.m */,
				ECEBB4B0269DF9DE00103BBF /* LoginViewController.h */,
				ECEBB4B1269DF9DE00103BBF /* LoginViewController.m */,
				ECEBB4B6269E3BFF00103BBF /* ComposeViewController.h */,
				ECEBB4B7269E3BFF00103BBF /* ComposeViewController.m */,
				EC13CD9C269F83A5003EA20F /* DetailsViewController.h */,
				EC13CD9D269F83A5003EA20F /* DetailsViewController.m */,
				EC6CF77426A1032200C3ACE5 /* MyListingsTableViewController.h */,
				EC6CF77526A1032200C3ACE5 /* MyListingsTableViewController.m */,
				ECB8073826A87E4500C22E36 /* ApplicantsTableViewController.h */,
				ECB8073926A87E4500C22E36 /* ApplicantsTableViewController.m */,
			);
			path = "View Controllers";
			sourceTree = "<group>";
		};
		ECEBB4B9269E40D600103BBF /* Views */ = {
			isa = PBXGroup;
			children = (
				ECEBB4BA269E431400103BBF /* ListingCell.h */,
				ECEBB4BB269E431400103BBF /* ListingCell.m */,
				EC6CF77726A20A8100C3ACE5 /* MyListingCell.h */,
				EC6CF77826A20A8100C3ACE5 /* MyListingCell.m */,
				ECB8073226A87C9D00C22E36 /* ApplicantCell.h */,
				ECB8073326A87C9D00C22E36 /* ApplicantCell.m */,
			);
			path = Views;
			sourceTree = "<group>";
		};
/* End PBXGroup section */

/* Begin PBXNativeTarget section */
		EC536C28269C9F3000DEF526 /* OddJobz */ = {
			isa = PBXNativeTarget;
			buildConfigurationList = EC536C58269C9F3100DEF526 /* Build configuration list for PBXNativeTarget "OddJobz" */;
			buildPhases = (
				82EC0057BE471D07BF2914F2 /* [CP] Check Pods Manifest.lock */,
				EC536C25269C9F3000DEF526 /* Sources */,
				EC536C26269C9F3000DEF526 /* Frameworks */,
				EC536C27269C9F3000DEF526 /* Resources */,
				549768A92E3E886833929C87 /* [CP] Embed Pods Frameworks */,
			);
			buildRules = (
			);
			dependencies = (
			);
			name = OddJobz;
			productName = OddJobz;
			productReference = EC536C29269C9F3000DEF526 /* OddJobz.app */;
			productType = "com.apple.product-type.application";
		};
		EC536C43269C9F3100DEF526 /* OddJobzTests */ = {
			isa = PBXNativeTarget;
			buildConfigurationList = EC536C5B269C9F3100DEF526 /* Build configuration list for PBXNativeTarget "OddJobzTests" */;
			buildPhases = (
				367140AAEFDB74919C8D819C /* [CP] Check Pods Manifest.lock */,
				EC536C40269C9F3100DEF526 /* Sources */,
				EC536C41269C9F3100DEF526 /* Frameworks */,
				EC536C42269C9F3100DEF526 /* Resources */,
			);
			buildRules = (
			);
			dependencies = (
				EC536C46269C9F3100DEF526 /* PBXTargetDependency */,
			);
			name = OddJobzTests;
			productName = OddJobzTests;
			productReference = EC536C44269C9F3100DEF526 /* OddJobzTests.xctest */;
			productType = "com.apple.product-type.bundle.unit-test";
		};
		EC536C4E269C9F3100DEF526 /* OddJobzUITests */ = {
			isa = PBXNativeTarget;
			buildConfigurationList = EC536C5E269C9F3100DEF526 /* Build configuration list for PBXNativeTarget "OddJobzUITests" */;
			buildPhases = (
				F0471CFAE32F9C206AEED7D7 /* [CP] Check Pods Manifest.lock */,
				EC536C4B269C9F3100DEF526 /* Sources */,
				EC536C4C269C9F3100DEF526 /* Frameworks */,
				EC536C4D269C9F3100DEF526 /* Resources */,
				2CB39A6EBDC471CFAA42087E /* [CP] Embed Pods Frameworks */,
			);
			buildRules = (
			);
			dependencies = (
				EC536C51269C9F3100DEF526 /* PBXTargetDependency */,
			);
			name = OddJobzUITests;
			productName = OddJobzUITests;
			productReference = EC536C4F269C9F3100DEF526 /* OddJobzUITests.xctest */;
			productType = "com.apple.product-type.bundle.ui-testing";
		};
/* End PBXNativeTarget section */

/* Begin PBXProject section */
		EC536C21269C9F3000DEF526 /* Project object */ = {
			isa = PBXProject;
			attributes = {
				LastUpgradeCheck = 1250;
				TargetAttributes = {
					EC536C28269C9F3000DEF526 = {
						CreatedOnToolsVersion = 12.5.1;
					};
					EC536C43269C9F3100DEF526 = {
						CreatedOnToolsVersion = 12.5.1;
						TestTargetID = EC536C28269C9F3000DEF526;
					};
					EC536C4E269C9F3100DEF526 = {
						CreatedOnToolsVersion = 12.5.1;
						TestTargetID = EC536C28269C9F3000DEF526;
					};
				};
			};
			buildConfigurationList = EC536C24269C9F3000DEF526 /* Build configuration list for PBXProject "OddJobz" */;
			compatibilityVersion = "Xcode 9.3";
			developmentRegion = en;
			hasScannedForEncodings = 0;
			knownRegions = (
				en,
				Base,
			);
			mainGroup = EC536C20269C9F3000DEF526;
			productRefGroup = EC536C2A269C9F3000DEF526 /* Products */;
			projectDirPath = "";
			projectRoot = "";
			targets = (
				EC536C28269C9F3000DEF526 /* OddJobz */,
				EC536C43269C9F3100DEF526 /* OddJobzTests */,
				EC536C4E269C9F3100DEF526 /* OddJobzUITests */,
			);
		};
/* End PBXProject section */

/* Begin PBXResourcesBuildPhase section */
		EC536C27269C9F3000DEF526 /* Resources */ = {
			isa = PBXResourcesBuildPhase;
			buildActionMask = 2147483647;
			files = (
				EC536C3C269C9F3100DEF526 /* LaunchScreen.storyboard in Resources */,
				EC536C39269C9F3100DEF526 /* Assets.xcassets in Resources */,
				EC536C37269C9F3000DEF526 /* Main.storyboard in Resources */,
			);
			runOnlyForDeploymentPostprocessing = 0;
		};
		EC536C42269C9F3100DEF526 /* Resources */ = {
			isa = PBXResourcesBuildPhase;
			buildActionMask = 2147483647;
			files = (
			);
			runOnlyForDeploymentPostprocessing = 0;
		};
		EC536C4D269C9F3100DEF526 /* Resources */ = {
			isa = PBXResourcesBuildPhase;
			buildActionMask = 2147483647;
			files = (
			);
			runOnlyForDeploymentPostprocessing = 0;
		};
/* End PBXResourcesBuildPhase section */

/* Begin PBXShellScriptBuildPhase section */
		2CB39A6EBDC471CFAA42087E /* [CP] Embed Pods Frameworks */ = {
			isa = PBXShellScriptBuildPhase;
			buildActionMask = 2147483647;
			files = (
			);
			inputFileListPaths = (
				"${PODS_ROOT}/Target Support Files/Pods-OddJobz-OddJobzUITests/Pods-OddJobz-OddJobzUITests-frameworks-${CONFIGURATION}-input-files.xcfilelist",
			);
			name = "[CP] Embed Pods Frameworks";
			outputFileListPaths = (
				"${PODS_ROOT}/Target Support Files/Pods-OddJobz-OddJobzUITests/Pods-OddJobz-OddJobzUITests-frameworks-${CONFIGURATION}-output-files.xcfilelist",
			);
			runOnlyForDeploymentPostprocessing = 0;
			shellPath = /bin/sh;
			shellScript = "\"${PODS_ROOT}/Target Support Files/Pods-OddJobz-OddJobzUITests/Pods-OddJobz-OddJobzUITests-frameworks.sh\"\n";
			showEnvVarsInLog = 0;
		};
		367140AAEFDB74919C8D819C /* [CP] Check Pods Manifest.lock */ = {
			isa = PBXShellScriptBuildPhase;
			buildActionMask = 2147483647;
			files = (
			);
			inputFileListPaths = (
			);
			inputPaths = (
				"${PODS_PODFILE_DIR_PATH}/Podfile.lock",
				"${PODS_ROOT}/Manifest.lock",
			);
			name = "[CP] Check Pods Manifest.lock";
			outputFileListPaths = (
			);
			outputPaths = (
				"$(DERIVED_FILE_DIR)/Pods-OddJobzTests-checkManifestLockResult.txt",
			);
			runOnlyForDeploymentPostprocessing = 0;
			shellPath = /bin/sh;
			shellScript = "diff \"${PODS_PODFILE_DIR_PATH}/Podfile.lock\" \"${PODS_ROOT}/Manifest.lock\" > /dev/null\nif [ $? != 0 ] ; then\n    # print error to STDERR\n    echo \"error: The sandbox is not in sync with the Podfile.lock. Run 'pod install' or update your CocoaPods installation.\" >&2\n    exit 1\nfi\n# This output is used by Xcode 'outputs' to avoid re-running this script phase.\necho \"SUCCESS\" > \"${SCRIPT_OUTPUT_FILE_0}\"\n";
			showEnvVarsInLog = 0;
		};
		549768A92E3E886833929C87 /* [CP] Embed Pods Frameworks */ = {
			isa = PBXShellScriptBuildPhase;
			buildActionMask = 2147483647;
			files = (
			);
			inputFileListPaths = (
				"${PODS_ROOT}/Target Support Files/Pods-OddJobz/Pods-OddJobz-frameworks-${CONFIGURATION}-input-files.xcfilelist",
			);
			name = "[CP] Embed Pods Frameworks";
			outputFileListPaths = (
				"${PODS_ROOT}/Target Support Files/Pods-OddJobz/Pods-OddJobz-frameworks-${CONFIGURATION}-output-files.xcfilelist",
			);
			runOnlyForDeploymentPostprocessing = 0;
			shellPath = /bin/sh;
			shellScript = "\"${PODS_ROOT}/Target Support Files/Pods-OddJobz/Pods-OddJobz-frameworks.sh\"\n";
			showEnvVarsInLog = 0;
		};
		82EC0057BE471D07BF2914F2 /* [CP] Check Pods Manifest.lock */ = {
			isa = PBXShellScriptBuildPhase;
			buildActionMask = 2147483647;
			files = (
			);
			inputFileListPaths = (
			);
			inputPaths = (
				"${PODS_PODFILE_DIR_PATH}/Podfile.lock",
				"${PODS_ROOT}/Manifest.lock",
			);
			name = "[CP] Check Pods Manifest.lock";
			outputFileListPaths = (
			);
			outputPaths = (
				"$(DERIVED_FILE_DIR)/Pods-OddJobz-checkManifestLockResult.txt",
			);
			runOnlyForDeploymentPostprocessing = 0;
			shellPath = /bin/sh;
			shellScript = "diff \"${PODS_PODFILE_DIR_PATH}/Podfile.lock\" \"${PODS_ROOT}/Manifest.lock\" > /dev/null\nif [ $? != 0 ] ; then\n    # print error to STDERR\n    echo \"error: The sandbox is not in sync with the Podfile.lock. Run 'pod install' or update your CocoaPods installation.\" >&2\n    exit 1\nfi\n# This output is used by Xcode 'outputs' to avoid re-running this script phase.\necho \"SUCCESS\" > \"${SCRIPT_OUTPUT_FILE_0}\"\n";
			showEnvVarsInLog = 0;
		};
		F0471CFAE32F9C206AEED7D7 /* [CP] Check Pods Manifest.lock */ = {
			isa = PBXShellScriptBuildPhase;
			buildActionMask = 2147483647;
			files = (
			);
			inputFileListPaths = (
			);
			inputPaths = (
				"${PODS_PODFILE_DIR_PATH}/Podfile.lock",
				"${PODS_ROOT}/Manifest.lock",
			);
			name = "[CP] Check Pods Manifest.lock";
			outputFileListPaths = (
			);
			outputPaths = (
				"$(DERIVED_FILE_DIR)/Pods-OddJobz-OddJobzUITests-checkManifestLockResult.txt",
			);
			runOnlyForDeploymentPostprocessing = 0;
			shellPath = /bin/sh;
			shellScript = "diff \"${PODS_PODFILE_DIR_PATH}/Podfile.lock\" \"${PODS_ROOT}/Manifest.lock\" > /dev/null\nif [ $? != 0 ] ; then\n    # print error to STDERR\n    echo \"error: The sandbox is not in sync with the Podfile.lock. Run 'pod install' or update your CocoaPods installation.\" >&2\n    exit 1\nfi\n# This output is used by Xcode 'outputs' to avoid re-running this script phase.\necho \"SUCCESS\" > \"${SCRIPT_OUTPUT_FILE_0}\"\n";
			showEnvVarsInLog = 0;
		};
/* End PBXShellScriptBuildPhase section */

/* Begin PBXSourcesBuildPhase section */
		EC536C25269C9F3000DEF526 /* Sources */ = {
			isa = PBXSourcesBuildPhase;
			buildActionMask = 2147483647;
			files = (
				ECEBB4B5269E2F6400103BBF /* Listing.m in Sources */,
				ECB8073A26A87E4500C22E36 /* ApplicantsTableViewController.m in Sources */,
				ECEBB4AF269DF46C00103BBF /* HomeTableViewController.m in Sources */,
				EC6CF77926A20A8100C3ACE5 /* MyListingCell.m in Sources */,
				ECEBB4BC269E431400103BBF /* ListingCell.m in Sources */,
				EC536C2E269C9F3000DEF526 /* AppDelegate.m in Sources */,
				EC536C3F269C9F3100DEF526 /* main.m in Sources */,
				ECB8073426A87C9D00C22E36 /* ApplicantCell.m in Sources */,
				ECEBB4B8269E3BFF00103BBF /* ComposeViewController.m in Sources */,
				EC13CD9E269F83A5003EA20F /* DetailsViewController.m in Sources */,
				EC536C31269C9F3000DEF526 /* SceneDelegate.m in Sources */,
				EC6CF77626A1032200C3ACE5 /* MyListingsTableViewController.m in Sources */,
				ECEBB4B2269DF9DE00103BBF /* LoginViewController.m in Sources */,
			);
			runOnlyForDeploymentPostprocessing = 0;
		};
		EC536C40269C9F3100DEF526 /* Sources */ = {
			isa = PBXSourcesBuildPhase;
			buildActionMask = 2147483647;
			files = (
				EC536C49269C9F3100DEF526 /* OddJobzTests.m in Sources */,
			);
			runOnlyForDeploymentPostprocessing = 0;
		};
		EC536C4B269C9F3100DEF526 /* Sources */ = {
			isa = PBXSourcesBuildPhase;
			buildActionMask = 2147483647;
			files = (
				EC536C54269C9F3100DEF526 /* OddJobzUITests.m in Sources */,
			);
			runOnlyForDeploymentPostprocessing = 0;
		};
/* End PBXSourcesBuildPhase section */

/* Begin PBXTargetDependency section */
		EC536C46269C9F3100DEF526 /* PBXTargetDependency */ = {
			isa = PBXTargetDependency;
			target = EC536C28269C9F3000DEF526 /* OddJobz */;
			targetProxy = EC536C45269C9F3100DEF526 /* PBXContainerItemProxy */;
		};
		EC536C51269C9F3100DEF526 /* PBXTargetDependency */ = {
			isa = PBXTargetDependency;
			target = EC536C28269C9F3000DEF526 /* OddJobz */;
			targetProxy = EC536C50269C9F3100DEF526 /* PBXContainerItemProxy */;
		};
/* End PBXTargetDependency section */

/* Begin PBXVariantGroup section */
		EC536C35269C9F3000DEF526 /* Main.storyboard */ = {
			isa = PBXVariantGroup;
			children = (
				EC536C36269C9F3000DEF526 /* Base */,
			);
			name = Main.storyboard;
			sourceTree = "<group>";
		};
		EC536C3A269C9F3100DEF526 /* LaunchScreen.storyboard */ = {
			isa = PBXVariantGroup;
			children = (
				EC536C3B269C9F3100DEF526 /* Base */,
			);
			name = LaunchScreen.storyboard;
			sourceTree = "<group>";
		};
/* End PBXVariantGroup section */

/* Begin XCBuildConfiguration section */
		EC536C56269C9F3100DEF526 /* Debug */ = {
			isa = XCBuildConfiguration;
			buildSettings = {
				ALWAYS_SEARCH_USER_PATHS = NO;
				CLANG_ANALYZER_NONNULL = YES;
				CLANG_ANALYZER_NUMBER_OBJECT_CONVERSION = YES_AGGRESSIVE;
				CLANG_CXX_LANGUAGE_STANDARD = "gnu++14";
				CLANG_CXX_LIBRARY = "libc++";
				CLANG_ENABLE_MODULES = YES;
				CLANG_ENABLE_OBJC_ARC = YES;
				CLANG_ENABLE_OBJC_WEAK = YES;
				CLANG_WARN_BLOCK_CAPTURE_AUTORELEASING = YES;
				CLANG_WARN_BOOL_CONVERSION = YES;
				CLANG_WARN_COMMA = YES;
				CLANG_WARN_CONSTANT_CONVERSION = YES;
				CLANG_WARN_DEPRECATED_OBJC_IMPLEMENTATIONS = YES;
				CLANG_WARN_DIRECT_OBJC_ISA_USAGE = YES_ERROR;
				CLANG_WARN_DOCUMENTATION_COMMENTS = YES;
				CLANG_WARN_EMPTY_BODY = YES;
				CLANG_WARN_ENUM_CONVERSION = YES;
				CLANG_WARN_INFINITE_RECURSION = YES;
				CLANG_WARN_INT_CONVERSION = YES;
				CLANG_WARN_NON_LITERAL_NULL_CONVERSION = YES;
				CLANG_WARN_OBJC_IMPLICIT_RETAIN_SELF = YES;
				CLANG_WARN_OBJC_LITERAL_CONVERSION = YES;
				CLANG_WARN_OBJC_ROOT_CLASS = YES_ERROR;
				CLANG_WARN_QUOTED_INCLUDE_IN_FRAMEWORK_HEADER = YES;
				CLANG_WARN_RANGE_LOOP_ANALYSIS = YES;
				CLANG_WARN_STRICT_PROTOTYPES = YES;
				CLANG_WARN_SUSPICIOUS_MOVE = YES;
				CLANG_WARN_UNGUARDED_AVAILABILITY = YES_AGGRESSIVE;
				CLANG_WARN_UNREACHABLE_CODE = YES;
				CLANG_WARN__DUPLICATE_METHOD_MATCH = YES;
				COPY_PHASE_STRIP = NO;
				DEBUG_INFORMATION_FORMAT = dwarf;
				ENABLE_STRICT_OBJC_MSGSEND = YES;
				ENABLE_TESTABILITY = YES;
				GCC_C_LANGUAGE_STANDARD = gnu11;
				GCC_DYNAMIC_NO_PIC = NO;
				GCC_NO_COMMON_BLOCKS = YES;
				GCC_OPTIMIZATION_LEVEL = 0;
				GCC_PREPROCESSOR_DEFINITIONS = (
					"DEBUG=1",
					"$(inherited)",
				);
				GCC_WARN_64_TO_32_BIT_CONVERSION = YES;
				GCC_WARN_ABOUT_RETURN_TYPE = YES_ERROR;
				GCC_WARN_UNDECLARED_SELECTOR = YES;
				GCC_WARN_UNINITIALIZED_AUTOS = YES_AGGRESSIVE;
				GCC_WARN_UNUSED_FUNCTION = YES;
				GCC_WARN_UNUSED_VARIABLE = YES;
				IPHONEOS_DEPLOYMENT_TARGET = 14.5;
				MTL_ENABLE_DEBUG_INFO = INCLUDE_SOURCE;
				MTL_FAST_MATH = YES;
				ONLY_ACTIVE_ARCH = YES;
				SDKROOT = iphoneos;
			};
			name = Debug;
		};
		EC536C57269C9F3100DEF526 /* Release */ = {
			isa = XCBuildConfiguration;
			buildSettings = {
				ALWAYS_SEARCH_USER_PATHS = NO;
				CLANG_ANALYZER_NONNULL = YES;
				CLANG_ANALYZER_NUMBER_OBJECT_CONVERSION = YES_AGGRESSIVE;
				CLANG_CXX_LANGUAGE_STANDARD = "gnu++14";
				CLANG_CXX_LIBRARY = "libc++";
				CLANG_ENABLE_MODULES = YES;
				CLANG_ENABLE_OBJC_ARC = YES;
				CLANG_ENABLE_OBJC_WEAK = YES;
				CLANG_WARN_BLOCK_CAPTURE_AUTORELEASING = YES;
				CLANG_WARN_BOOL_CONVERSION = YES;
				CLANG_WARN_COMMA = YES;
				CLANG_WARN_CONSTANT_CONVERSION = YES;
				CLANG_WARN_DEPRECATED_OBJC_IMPLEMENTATIONS = YES;
				CLANG_WARN_DIRECT_OBJC_ISA_USAGE = YES_ERROR;
				CLANG_WARN_DOCUMENTATION_COMMENTS = YES;
				CLANG_WARN_EMPTY_BODY = YES;
				CLANG_WARN_ENUM_CONVERSION = YES;
				CLANG_WARN_INFINITE_RECURSION = YES;
				CLANG_WARN_INT_CONVERSION = YES;
				CLANG_WARN_NON_LITERAL_NULL_CONVERSION = YES;
				CLANG_WARN_OBJC_IMPLICIT_RETAIN_SELF = YES;
				CLANG_WARN_OBJC_LITERAL_CONVERSION = YES;
				CLANG_WARN_OBJC_ROOT_CLASS = YES_ERROR;
				CLANG_WARN_QUOTED_INCLUDE_IN_FRAMEWORK_HEADER = YES;
				CLANG_WARN_RANGE_LOOP_ANALYSIS = YES;
				CLANG_WARN_STRICT_PROTOTYPES = YES;
				CLANG_WARN_SUSPICIOUS_MOVE = YES;
				CLANG_WARN_UNGUARDED_AVAILABILITY = YES_AGGRESSIVE;
				CLANG_WARN_UNREACHABLE_CODE = YES;
				CLANG_WARN__DUPLICATE_METHOD_MATCH = YES;
				COPY_PHASE_STRIP = NO;
				DEBUG_INFORMATION_FORMAT = "dwarf-with-dsym";
				ENABLE_NS_ASSERTIONS = NO;
				ENABLE_STRICT_OBJC_MSGSEND = YES;
				GCC_C_LANGUAGE_STANDARD = gnu11;
				GCC_NO_COMMON_BLOCKS = YES;
				GCC_WARN_64_TO_32_BIT_CONVERSION = YES;
				GCC_WARN_ABOUT_RETURN_TYPE = YES_ERROR;
				GCC_WARN_UNDECLARED_SELECTOR = YES;
				GCC_WARN_UNINITIALIZED_AUTOS = YES_AGGRESSIVE;
				GCC_WARN_UNUSED_FUNCTION = YES;
				GCC_WARN_UNUSED_VARIABLE = YES;
				IPHONEOS_DEPLOYMENT_TARGET = 14.5;
				MTL_ENABLE_DEBUG_INFO = NO;
				MTL_FAST_MATH = YES;
				SDKROOT = iphoneos;
				VALIDATE_PRODUCT = YES;
			};
			name = Release;
		};
		EC536C59269C9F3100DEF526 /* Debug */ = {
			isa = XCBuildConfiguration;
			baseConfigurationReference = 44B254198C9EB53207AB693F /* Pods-OddJobz.debug.xcconfig */;
			buildSettings = {
				ASSETCATALOG_COMPILER_APPICON_NAME = AppIcon;
				ASSETCATALOG_COMPILER_GLOBAL_ACCENT_COLOR_NAME = AccentColor;
				CODE_SIGN_STYLE = Automatic;
				DEVELOPMENT_TEAM = BBK4Y8S9Z5;
				INFOPLIST_FILE = OddJobz/Info.plist;
				LD_RUNPATH_SEARCH_PATHS = (
					"$(inherited)",
					"@executable_path/Frameworks",
				);
				PRODUCT_BUNDLE_IDENTIFIER = com.facebook.OddJobz;
				PRODUCT_NAME = "$(TARGET_NAME)";
				TARGETED_DEVICE_FAMILY = "1,2";
			};
			name = Debug;
		};
		EC536C5A269C9F3100DEF526 /* Release */ = {
			isa = XCBuildConfiguration;
			baseConfigurationReference = AF4C8CC6036C7839AE8317FB /* Pods-OddJobz.release.xcconfig */;
			buildSettings = {
				ASSETCATALOG_COMPILER_APPICON_NAME = AppIcon;
				ASSETCATALOG_COMPILER_GLOBAL_ACCENT_COLOR_NAME = AccentColor;
				CODE_SIGN_STYLE = Automatic;
				DEVELOPMENT_TEAM = BBK4Y8S9Z5;
				INFOPLIST_FILE = OddJobz/Info.plist;
				LD_RUNPATH_SEARCH_PATHS = (
					"$(inherited)",
					"@executable_path/Frameworks",
				);
				PRODUCT_BUNDLE_IDENTIFIER = com.facebook.OddJobz;
				PRODUCT_NAME = "$(TARGET_NAME)";
				TARGETED_DEVICE_FAMILY = "1,2";
			};
			name = Release;
		};
		EC536C5C269C9F3100DEF526 /* Debug */ = {
			isa = XCBuildConfiguration;
			baseConfigurationReference = 1ED5AF8F0D0D68E23F311B70 /* Pods-OddJobzTests.debug.xcconfig */;
			buildSettings = {
				BUNDLE_LOADER = "$(TEST_HOST)";
				CODE_SIGN_STYLE = Automatic;
				DEVELOPMENT_TEAM = BBK4Y8S9Z5;
				INFOPLIST_FILE = OddJobzTests/Info.plist;
				IPHONEOS_DEPLOYMENT_TARGET = 14.5;
				LD_RUNPATH_SEARCH_PATHS = (
					"$(inherited)",
					"@executable_path/Frameworks",
					"@loader_path/Frameworks",
				);
				PRODUCT_BUNDLE_IDENTIFIER = com.facebook.OddJobzTests;
				PRODUCT_NAME = "$(TARGET_NAME)";
				TARGETED_DEVICE_FAMILY = "1,2";
				TEST_HOST = "$(BUILT_PRODUCTS_DIR)/OddJobz.app/OddJobz";
			};
			name = Debug;
		};
		EC536C5D269C9F3100DEF526 /* Release */ = {
			isa = XCBuildConfiguration;
			baseConfigurationReference = BE2613994BFCED6B88FF35A5 /* Pods-OddJobzTests.release.xcconfig */;
			buildSettings = {
				BUNDLE_LOADER = "$(TEST_HOST)";
				CODE_SIGN_STYLE = Automatic;
				DEVELOPMENT_TEAM = BBK4Y8S9Z5;
				INFOPLIST_FILE = OddJobzTests/Info.plist;
				IPHONEOS_DEPLOYMENT_TARGET = 14.5;
				LD_RUNPATH_SEARCH_PATHS = (
					"$(inherited)",
					"@executable_path/Frameworks",
					"@loader_path/Frameworks",
				);
				PRODUCT_BUNDLE_IDENTIFIER = com.facebook.OddJobzTests;
				PRODUCT_NAME = "$(TARGET_NAME)";
				TARGETED_DEVICE_FAMILY = "1,2";
				TEST_HOST = "$(BUILT_PRODUCTS_DIR)/OddJobz.app/OddJobz";
			};
			name = Release;
		};
		EC536C5F269C9F3100DEF526 /* Debug */ = {
			isa = XCBuildConfiguration;
			baseConfigurationReference = EA92A86A27F29FA4903A799C /* Pods-OddJobz-OddJobzUITests.debug.xcconfig */;
			buildSettings = {
				CODE_SIGN_STYLE = Automatic;
				DEVELOPMENT_TEAM = BBK4Y8S9Z5;
				INFOPLIST_FILE = OddJobzUITests/Info.plist;
				LD_RUNPATH_SEARCH_PATHS = (
					"$(inherited)",
					"@executable_path/Frameworks",
					"@loader_path/Frameworks",
				);
				PRODUCT_BUNDLE_IDENTIFIER = com.facebook.OddJobzUITests;
				PRODUCT_NAME = "$(TARGET_NAME)";
				TARGETED_DEVICE_FAMILY = "1,2";
				TEST_TARGET_NAME = OddJobz;
			};
			name = Debug;
		};
		EC536C60269C9F3100DEF526 /* Release */ = {
			isa = XCBuildConfiguration;
			baseConfigurationReference = 372CE47D63CC29BFFE3A5AC9 /* Pods-OddJobz-OddJobzUITests.release.xcconfig */;
			buildSettings = {
				CODE_SIGN_STYLE = Automatic;
				DEVELOPMENT_TEAM = BBK4Y8S9Z5;
				INFOPLIST_FILE = OddJobzUITests/Info.plist;
				LD_RUNPATH_SEARCH_PATHS = (
					"$(inherited)",
					"@executable_path/Frameworks",
					"@loader_path/Frameworks",
				);
				PRODUCT_BUNDLE_IDENTIFIER = com.facebook.OddJobzUITests;
				PRODUCT_NAME = "$(TARGET_NAME)";
				TARGETED_DEVICE_FAMILY = "1,2";
				TEST_TARGET_NAME = OddJobz;
			};
			name = Release;
		};
/* End XCBuildConfiguration section */

/* Begin XCConfigurationList section */
		EC536C24269C9F3000DEF526 /* Build configuration list for PBXProject "OddJobz" */ = {
			isa = XCConfigurationList;
			buildConfigurations = (
				EC536C56269C9F3100DEF526 /* Debug */,
				EC536C57269C9F3100DEF526 /* Release */,
			);
			defaultConfigurationIsVisible = 0;
			defaultConfigurationName = Release;
		};
		EC536C58269C9F3100DEF526 /* Build configuration list for PBXNativeTarget "OddJobz" */ = {
			isa = XCConfigurationList;
			buildConfigurations = (
				EC536C59269C9F3100DEF526 /* Debug */,
				EC536C5A269C9F3100DEF526 /* Release */,
			);
			defaultConfigurationIsVisible = 0;
			defaultConfigurationName = Release;
		};
		EC536C5B269C9F3100DEF526 /* Build configuration list for PBXNativeTarget "OddJobzTests" */ = {
			isa = XCConfigurationList;
			buildConfigurations = (
				EC536C5C269C9F3100DEF526 /* Debug */,
				EC536C5D269C9F3100DEF526 /* Release */,
			);
			defaultConfigurationIsVisible = 0;
			defaultConfigurationName = Release;
		};
		EC536C5E269C9F3100DEF526 /* Build configuration list for PBXNativeTarget "OddJobzUITests" */ = {
			isa = XCConfigurationList;
			buildConfigurations = (
				EC536C5F269C9F3100DEF526 /* Debug */,
				EC536C60269C9F3100DEF526 /* Release */,
			);
			defaultConfigurationIsVisible = 0;
			defaultConfigurationName = Release;
		};
/* End XCConfigurationList section */
	};
	rootObject = EC536C21269C9F3000DEF526 /* Project object */;
}
